
Microsoft Visual Studio Solution File, Format Version 12.00
# Visual Studio Version 17
VisualStudioVersion = 17.5.33424.131
MinimumVisualStudioVersion = 10.0.40219.1
Project("{FAE04EC0-301F-11D3-BF4B-00C04F79EFBC}") = "WPFSemana4", "WPFSemana4\WPFSemana4.csproj", "{E2D86F56-F164-4E8A-A346-DFE507AC54D5}"
EndProject
Global
	GlobalSection(SolutionConfigurationPlatforms) = preSolution
		Debug|Any CPU = Debug|Any CPU
		Release|Any CPU = Release|Any CPU
	EndGlobalSection
	GlobalSection(ProjectConfigurationPlatforms) = postSolution
		{E2D86F56-F164-4E8A-A346-DFE507AC54D5}.Debug|Any CPU.ActiveCfg = Debug|Any CPU
		{E2D86F56-F164-4E8A-A346-DFE507AC54D5}.Debug|Any CPU.Build.0 = Debug|Any CPU
		{E2D86F56-F164-4E8A-A346-DFE507AC54D5}.Release|Any CPU.ActiveCfg = Release|Any CPU
		{E2D86F56-F164-4E8A-A346-DFE507AC54D5}.Release|Any CPU.Build.0 = Release|Any CPU
	EndGlobalSection
	GlobalSection(SolutionProperties) = preSolution
		HideSolutionNode = FALSE
	EndGlobalSection
	GlobalSection(ExtensibilityGlobals) = postSolution
		SolutionGuid = {C7EFE1EA-3F92-44CE-AA71-54CA796D2327}
	EndGlobalSection
EndGlobal
